
Microsoft Visual Studio Solution File, Format Version 12.00
Project("{FAE04EC0-301F-11D3-BF4B-00C04F79EFBC}") = "MedHub-Backend.WebApi", "MedHub-Backend.WebApi\MedHub-Backend.WebApi.csproj", "{C5FEB82D-BD51-4A35-8947-3D7B7B1374CE}"
EndProject
Project("{FAE04EC0-301F-11D3-BF4B-00C04F79EFBC}") = "Medhub-Backend.Domain", "Medhub-Backend.Domain\Medhub-Backend.Domain.csproj", "{F3952913-B80D-416F-92AB-8EBCD5238658}"
EndProject
Project("{FAE04EC0-301F-11D3-BF4B-00C04F79EFBC}") = "Medhub-Backend.Infrastructure", "Medhub-Backend.Infrastructure\Medhub-Backend.Infrastructure.csproj", "{10978B30-F347-4F4A-BCAF-DCBEB8F28CD2}"
EndProject
Project("{FAE04EC0-301F-11D3-BF4B-00C04F79EFBC}") = "Medhub-Backend.Application", "Medhub-Backend.Application\Medhub-Backend.Application.csproj", "{46C24C96-B5F4-441F-99FB-F9B704506EAA}"
EndProject
Global
	GlobalSection(SolutionConfigurationPlatforms) = preSolution
		Debug|Any CPU = Debug|Any CPU
		Release|Any CPU = Release|Any CPU
	EndGlobalSection
	GlobalSection(ProjectConfigurationPlatforms) = postSolution
		{C5FEB82D-BD51-4A35-8947-3D7B7B1374CE}.Debug|Any CPU.ActiveCfg = Debug|Any CPU
		{C5FEB82D-BD51-4A35-8947-3D7B7B1374CE}.Debug|Any CPU.Build.0 = Debug|Any CPU
		{C5FEB82D-BD51-4A35-8947-3D7B7B1374CE}.Release|Any CPU.ActiveCfg = Release|Any CPU
		{C5FEB82D-BD51-4A35-8947-3D7B7B1374CE}.Release|Any CPU.Build.0 = Release|Any CPU
		{F3952913-B80D-416F-92AB-8EBCD5238658}.Debug|Any CPU.ActiveCfg = Debug|Any CPU
		{F3952913-B80D-416F-92AB-8EBCD5238658}.Debug|Any CPU.Build.0 = Debug|Any CPU
		{F3952913-B80D-416F-92AB-8EBCD5238658}.Release|Any CPU.ActiveCfg = Release|Any CPU
		{F3952913-B80D-416F-92AB-8EBCD5238658}.Release|Any CPU.Build.0 = Release|Any CPU
		{10978B30-F347-4F4A-BCAF-DCBEB8F28CD2}.Debug|Any CPU.ActiveCfg = Debug|Any CPU
		{10978B30-F347-4F4A-BCAF-DCBEB8F28CD2}.Debug|Any CPU.Build.0 = Debug|Any CPU
		{10978B30-F347-4F4A-BCAF-DCBEB8F28CD2}.Release|Any CPU.ActiveCfg = Release|Any CPU
		{10978B30-F347-4F4A-BCAF-DCBEB8F28CD2}.Release|Any CPU.Build.0 = Release|Any CPU
		{46C24C96-B5F4-441F-99FB-F9B704506EAA}.Debug|Any CPU.ActiveCfg = Debug|Any CPU
		{46C24C96-B5F4-441F-99FB-F9B704506EAA}.Debug|Any CPU.Build.0 = Debug|Any CPU
		{46C24C96-B5F4-441F-99FB-F9B704506EAA}.Release|Any CPU.ActiveCfg = Release|Any CPU
		{46C24C96-B5F4-441F-99FB-F9B704506EAA}.Release|Any CPU.Build.0 = Release|Any CPU
	EndGlobalSection
EndGlobal
